{
  "name": "wasm4-snake",
  "version": "1.0.0",
  "lockfileVersion": 2,
  "requires": true,
  "packages": {
    "": {
      "version": "1.0.0",
      "devDependencies": {
        "assemblyscript": "^0.19.11"
      }
    },
    "node_modules/assemblyscript": {
      "version": "0.19.11",
      "resolved": "https://registry.npmjs.org/assemblyscript/-/assemblyscript-0.19.11.tgz",
      "integrity": "sha512-Z121H4rHkrHhOswQQ6Nvv0y3UVqBm3Z6ZSYKF7dNDoR608Axd/gJPkPLGI6fVnqZT+fH6s3/erx4P2vUseMa7w==",
      "dev": true,
      "dependencies": {
        "binaryen": "101.0.0-nightly.20210723",
        "long": "^4.0.0"
      },
      "bin": {
        "asc": "bin/asc",
        "asinit": "bin/asinit"
      },
      "funding": {
        "type": "opencollective",
        "url": "https://opencollective.com/assemblyscript"
      }
    },
    "node_modules/binaryen": {
      "version": "101.0.0-nightly.20210723",
      "resolved": "https://registry.npmjs.org/binaryen/-/binaryen-101.0.0-nightly.20210723.tgz",
      "integrity": "sha512-eioJNqhHlkguVSbblHOtLqlhtC882SOEPKmNFZaDuz1hzQjolxZ+eu3/kaS10n3sGPONsIZsO7R9fR00UyhEUA==",
      "dev": true,
      "bin": {
        "wasm-opt": "bin/wasm-opt"
      }
    },
    "node_modules/long": {
      "version": "4.0.0",
      "resolved": "https://registry.npmjs.org/long/-/long-4.0.0.tgz",
      "integrity": "sha512-XsP+KhQif4bjX1kbuSiySJFNAehNxgLb6hPRGJ9QsUr8ajHkuXGdrHmFUTUUXhDwVX2R5bY4JNZEwbUiMhV+MA==",
      "dev": true
    }
  },
  "dependencies": {
    "assemblyscript": {
      "version": "0.19.11",
      "resolved": "https://registry.npmjs.org/assemblyscript/-/assemblyscript-0.19.11.tgz",
      "integrity": "sha512-Z121H4rHkrHhOswQQ6Nvv0y3UVqBm3Z6ZSYKF7dNDoR608Axd/gJPkPLGI6fVnqZT+fH6s3/erx4P2vUseMa7w==",
      "dev": true,
      "requires": {
        "binaryen": "101.0.0-nightly.20210723",
        "long": "^4.0.0"
      }
    },
    "binaryen": {
      "version": "101.0.0-nightly.20210723",
      "resolved": "https://registry.npmjs.org/binaryen/-/binaryen-101.0.0-nightly.20210723.tgz",
      "integrity": "sha512-eioJNqhHlkguVSbblHOtLqlhtC882SOEPKmNFZaDuz1hzQjolxZ+eu3/kaS10n3sGPONsIZsO7R9fR00UyhEUA==",
      "dev": true
    },
    "long": {
      "version": "4.0.0",
      "resolved": "https://registry.npmjs.org/long/-/long-4.0.0.tgz",
      "integrity": "sha512-XsP+KhQif4bjX1kbuSiySJFNAehNxgLb6hPRGJ9QsUr8ajHkuXGdrHmFUTUUXhDwVX2R5bY4JNZEwbUiMhV+MA==",
      "dev": true
    }
  }
}
